// !$*UTF8*$!
{
	archiveVersion = 1;
	classes = {
	};
	objectVersion = 46;
	objects = {

/* Begin PBXBuildFile section */
		1E2C1AC0205FD59F00CAF176 /* OrdonnancePresenter.swift in Sources */ = {isa = PBXBuildFile; fileRef = 1E2C1ABF205FD59F00CAF176 /* OrdonnancePresenter.swift */; };
		1E2C1AC2205FDC7300CAF176 /* AddOrdonnanceViewController.swift in Sources */ = {isa = PBXBuildFile; fileRef = 1E2C1AC1205FDC7300CAF176 /* AddOrdonnanceViewController.swift */; };
		1ECD571D2058207D00A78FE8 /* ShowActiviteViewController.swift in Sources */ = {isa = PBXBuildFile; fileRef = 1ECD571C2058207D00A78FE8 /* ShowActiviteViewController.swift */; };
		1ECD572020582EA700A78FE8 /* AddActivityViewController.swift in Sources */ = {isa = PBXBuildFile; fileRef = 1ECD571F20582EA700A78FE8 /* AddActivityViewController.swift */; };
		1ECD572320582FEE00A78FE8 /* ActiviteSportiveModel.swift in Sources */ = {isa = PBXBuildFile; fileRef = 1ECD572220582FEE00A78FE8 /* ActiviteSportiveModel.swift */; };
		1ECD5726205832E600A78FE8 /* ActiviteSportiveExt.swift in Sources */ = {isa = PBXBuildFile; fileRef = 1ECD5725205832E600A78FE8 /* ActiviteSportiveExt.swift */; };
		1ECD5728205840D600A78FE8 /* CoreDataManager.swift in Sources */ = {isa = PBXBuildFile; fileRef = 1ECD5727205840D600A78FE8 /* CoreDataManager.swift */; };
		1ECD572A2058422E00A78FE8 /* DialogBoxHelper.swift in Sources */ = {isa = PBXBuildFile; fileRef = 1ECD57292058422E00A78FE8 /* DialogBoxHelper.swift */; };
		1ECD57352058536100A78FE8 /* OrdonnanceModel.swift in Sources */ = {isa = PBXBuildFile; fileRef = 1ECD572E2058536100A78FE8 /* OrdonnanceModel.swift */; };
		1ECD57362058536100A78FE8 /* PersonneModel.swift in Sources */ = {isa = PBXBuildFile; fileRef = 1ECD572F2058536100A78FE8 /* PersonneModel.swift */; };
		1ECD57372058536100A78FE8 /* PrescriptionModel.swift in Sources */ = {isa = PBXBuildFile; fileRef = 1ECD57302058536100A78FE8 /* PrescriptionModel.swift */; };
		1ECD57392058536100A78FE8 /* Synthese.swift in Sources */ = {isa = PBXBuildFile; fileRef = 1ECD57322058536100A78FE8 /* Synthese.swift */; };
		1ED370F4206A468600C400D0 /* PriseTableViewCell.swift in Sources */ = {isa = PBXBuildFile; fileRef = 1ED370F3206A468600C400D0 /* PriseTableViewCell.swift */; };
		1ED370F6206A521000C400D0 /* PrisePresenter.swift in Sources */ = {isa = PBXBuildFile; fileRef = 1ED370F5206A521000C400D0 /* PrisePresenter.swift */; };
		1ED370F8206A72F500C400D0 /* AccueilViewController.swift in Sources */ = {isa = PBXBuildFile; fileRef = 1ED370F7206A72F500C400D0 /* AccueilViewController.swift */; };
		1ED370FA206A73E100C400D0 /* PriseNotificationCenter.swift in Sources */ = {isa = PBXBuildFile; fileRef = 1ED370F9206A73E100C400D0 /* PriseNotificationCenter.swift */; };
		1ED370FC206A98BB00C400D0 /* ActivityNotificationCenter.swift in Sources */ = {isa = PBXBuildFile; fileRef = 1ED370FB206A98BB00C400D0 /* ActivityNotificationCenter.swift */; };
		1ED370FE206AB03E00C400D0 /* RdvNotificationCenter.swift in Sources */ = {isa = PBXBuildFile; fileRef = 1ED370FD206AB03E00C400D0 /* RdvNotificationCenter.swift */; };
		6FA0397C2056D664001353BF /* AppDelegate.swift in Sources */ = {isa = PBXBuildFile; fileRef = 6FA0397B2056D664001353BF /* AppDelegate.swift */; };
		6FA0397E2056D664001353BF /* ViewController.swift in Sources */ = {isa = PBXBuildFile; fileRef = 6FA0397D2056D664001353BF /* ViewController.swift */; };
		6FA039812056D664001353BF /* Main.storyboard in Resources */ = {isa = PBXBuildFile; fileRef = 6FA0397F2056D664001353BF /* Main.storyboard */; };
		6FA039842056D664001353BF /* MyPeka.xcdatamodeld in Sources */ = {isa = PBXBuildFile; fileRef = 6FA039822056D664001353BF /* MyPeka.xcdatamodeld */; };
		6FA039862056D664001353BF /* Assets.xcassets in Resources */ = {isa = PBXBuildFile; fileRef = 6FA039852056D664001353BF /* Assets.xcassets */; };
		6FA039892056D664001353BF /* LaunchScreen.storyboard in Resources */ = {isa = PBXBuildFile; fileRef = 6FA039872056D664001353BF /* LaunchScreen.storyboard */; };
		6FA039942056D664001353BF /* MyPekaTests.swift in Sources */ = {isa = PBXBuildFile; fileRef = 6FA039932056D664001353BF /* MyPekaTests.swift */; };
		6FA0399F2056D664001353BF /* MyPekaUITests.swift in Sources */ = {isa = PBXBuildFile; fileRef = 6FA0399E2056D664001353BF /* MyPekaUITests.swift */; };
		6FA039AD2056D88C001353BF /* ActiviteTableViewCell.swift in Sources */ = {isa = PBXBuildFile; fileRef = 6FA039AC2056D88C001353BF /* ActiviteTableViewCell.swift */; };
		6FB5E9AA2069014400FA6CD0 /* RdvViewController.swift in Sources */ = {isa = PBXBuildFile; fileRef = 6FB5E9A92069014400FA6CD0 /* RdvViewController.swift */; };
		6FB5E9AC2069023B00FA6CD0 /* RdvTableViewCell.swift in Sources */ = {isa = PBXBuildFile; fileRef = 6FB5E9AB2069023B00FA6CD0 /* RdvTableViewCell.swift */; };
		6FB5E9AE2069039800FA6CD0 /* RendezVousModel.swift in Sources */ = {isa = PBXBuildFile; fileRef = 6FB5E9AD2069039800FA6CD0 /* RendezVousModel.swift */; };
		6FB5E9B0206903FE00FA6CD0 /* RendezVousExt.swift in Sources */ = {isa = PBXBuildFile; fileRef = 6FB5E9AF206903FE00FA6CD0 /* RendezVousExt.swift */; };
		6FB5E9B22069059F00FA6CD0 /* AddRdvViewController.swift in Sources */ = {isa = PBXBuildFile; fileRef = 6FB5E9B12069059F00FA6CD0 /* AddRdvViewController.swift */; };
		6FB5E9B420690EC800FA6CD0 /* RdvPresenter.swift in Sources */ = {isa = PBXBuildFile; fileRef = 6FB5E9B320690EC800FA6CD0 /* RdvPresenter.swift */; };
		6FC8A08F2059785C00F2DD00 /* ActivitePresenter.swift in Sources */ = {isa = PBXBuildFile; fileRef = 6FC8A08E2059785C00F2DD00 /* ActivitePresenter.swift */; };
		6FC8A09320597B2000F2DD00 /* DateFormat.swift in Sources */ = {isa = PBXBuildFile; fileRef = 6FC8A09220597B2000F2DD00 /* DateFormat.swift */; };
		6FC8A095205982DD00F2DD00 /* PrescriptionExt.swift in Sources */ = {isa = PBXBuildFile; fileRef = 6FC8A094205982DD00F2DD00 /* PrescriptionExt.swift */; };
		6FC8A0972059884C00F2DD00 /* OrdonnanceExt.swift in Sources */ = {isa = PBXBuildFile; fileRef = 6FC8A0962059884C00F2DD00 /* OrdonnanceExt.swift */; };
		6FC8A09920598C4D00F2DD00 /* PersonneExt.swift in Sources */ = {isa = PBXBuildFile; fileRef = 6FC8A09820598C4D00F2DD00 /* PersonneExt.swift */; };
		6FC8A09C2059907F00F2DD00 /* OrdonnanceTableViewCell.swift in Sources */ = {isa = PBXBuildFile; fileRef = 6FC8A09B2059907F00F2DD00 /* OrdonnanceTableViewCell.swift */; };
		6FC8A0A2205992C700F2DD00 /* OrdonnanceViewController.swift in Sources */ = {isa = PBXBuildFile; fileRef = 6FC8A0A1205992C700F2DD00 /* OrdonnanceViewController.swift */; };
		8C1A0D4E20616AAB0059D560 /* ShowOrdonnanceViewController.swift in Sources */ = {isa = PBXBuildFile; fileRef = 8C1A0D4D20616AAB0059D560 /* ShowOrdonnanceViewController.swift */; };
		8C1A0D5020616D580059D560 /* PrescriptionTableViewCell.swift in Sources */ = {isa = PBXBuildFile; fileRef = 8C1A0D4F20616D580059D560 /* PrescriptionTableViewCell.swift */; };
		8C383C64206954D1005FF90B /* ShowRdvViewController.swift in Sources */ = {isa = PBXBuildFile; fileRef = 8C383C63206954D1005FF90B /* ShowRdvViewController.swift */; };
		8C383C6620695B39005FF90B /* PriseModel.swift in Sources */ = {isa = PBXBuildFile; fileRef = 8C383C6520695B39005FF90B /* PriseModel.swift */; };
		8C383C6820695BA3005FF90B /* PriseExt.swift in Sources */ = {isa = PBXBuildFile; fileRef = 8C383C6720695BA3005FF90B /* PriseExt.swift */; };
		8C383C6A20695F47005FF90B /* AddPriseViewController.swift in Sources */ = {isa = PBXBuildFile; fileRef = 8C383C6920695F47005FF90B /* AddPriseViewController.swift */; };
		8CDE3357206242A5008BB30F /* AddPrescriptionViewController.swift in Sources */ = {isa = PBXBuildFile; fileRef = 8CDE3356206242A5008BB30F /* AddPrescriptionViewController.swift */; };
		8CDE335920624622008BB30F /* PrescriptionPresenter.swift in Sources */ = {isa = PBXBuildFile; fileRef = 8CDE335820624622008BB30F /* PrescriptionPresenter.swift */; };
		8CDE335D20624B71008BB30F /* ShowPrescriptionViewController.swift in Sources */ = {isa = PBXBuildFile; fileRef = 8CDE335C20624B71008BB30F /* ShowPrescriptionViewController.swift */; };
		8CDE335F206259BF008BB30F /* AddPersonneViewController.swift in Sources */ = {isa = PBXBuildFile; fileRef = 8CDE335E206259BF008BB30F /* AddPersonneViewController.swift */; };
/* End PBXBuildFile section */

/* Begin PBXContainerItemProxy section */
		6FA039902056D664001353BF /* PBXContainerItemProxy */ = {
			isa = PBXContainerItemProxy;
			containerPortal = 6FA039702056D664001353BF /* Project object */;
			proxyType = 1;
			remoteGlobalIDString = 6FA039772056D664001353BF;
			remoteInfo = MyPeka;
		};
		6FA0399B2056D664001353BF /* PBXContainerItemProxy */ = {
			isa = PBXContainerItemProxy;
			containerPortal = 6FA039702056D664001353BF /* Project object */;
			proxyType = 1;
			remoteGlobalIDString = 6FA039772056D664001353BF;
			remoteInfo = MyPeka;
		};
/* End PBXContainerItemProxy section */

/* Begin PBXFileReference section */
		1E2C1ABF205FD59F00CAF176 /* OrdonnancePresenter.swift */ = {isa = PBXFileReference; fileEncoding = 4; lastKnownFileType = sourcecode.swift; path = OrdonnancePresenter.swift; sourceTree = "<group>"; };
		1E2C1AC1205FDC7300CAF176 /* AddOrdonnanceViewController.swift */ = {isa = PBXFileReference; fileEncoding = 4; lastKnownFileType = sourcecode.swift; name = AddOrdonnanceViewController.swift; path = Controller/AddOrdonnanceViewController.swift; sourceTree = "<group>"; };
		1ECD571C2058207D00A78FE8 /* ShowActiviteViewController.swift */ = {isa = PBXFileReference; fileEncoding = 4; lastKnownFileType = sourcecode.swift; path = ShowActiviteViewController.swift; sourceTree = "<group>"; };
		1ECD571F20582EA700A78FE8 /* AddActivityViewController.swift */ = {isa = PBXFileReference; fileEncoding = 4; lastKnownFileType = sourcecode.swift; name = AddActivityViewController.swift; path = Controller/AddActivityViewController.swift; sourceTree = "<group>"; };
		1ECD572220582FEE00A78FE8 /* ActiviteSportiveModel.swift */ = {isa = PBXFileReference; fileEncoding = 4; lastKnownFileType = sourcecode.swift; path = ActiviteSportiveModel.swift; sourceTree = "<group>"; };
		1ECD5725205832E600A78FE8 /* ActiviteSportiveExt.swift */ = {isa = PBXFileReference; fileEncoding = 4; lastKnownFileType = sourcecode.swift; name = ActiviteSportiveExt.swift; path = CoreData/ActiviteSportiveExt.swift; sourceTree = "<group>"; };
		1ECD5727205840D600A78FE8 /* CoreDataManager.swift */ = {isa = PBXFileReference; fileEncoding = 4; lastKnownFileType = sourcecode.swift; path = CoreDataManager.swift; sourceTree = "<group>"; };
		1ECD57292058422E00A78FE8 /* DialogBoxHelper.swift */ = {isa = PBXFileReference; fileEncoding = 4; lastKnownFileType = sourcecode.swift; path = DialogBoxHelper.swift; sourceTree = "<group>"; };
		1ECD572E2058536100A78FE8 /* OrdonnanceModel.swift */ = {isa = PBXFileReference; fileEncoding = 4; lastKnownFileType = sourcecode.swift; path = OrdonnanceModel.swift; sourceTree = "<group>"; };
		1ECD572F2058536100A78FE8 /* PersonneModel.swift */ = {isa = PBXFileReference; fileEncoding = 4; lastKnownFileType = sourcecode.swift; path = PersonneModel.swift; sourceTree = "<group>"; };
		1ECD57302058536100A78FE8 /* PrescriptionModel.swift */ = {isa = PBXFileReference; fileEncoding = 4; lastKnownFileType = sourcecode.swift; path = PrescriptionModel.swift; sourceTree = "<group>"; };
		1ECD57322058536100A78FE8 /* Synthese.swift */ = {isa = PBXFileReference; fileEncoding = 4; lastKnownFileType = sourcecode.swift; path = Synthese.swift; sourceTree = "<group>"; };
		1ED370F3206A468600C400D0 /* PriseTableViewCell.swift */ = {isa = PBXFileReference; fileEncoding = 4; lastKnownFileType = sourcecode.swift; name = PriseTableViewCell.swift; path = Controller/PriseTableViewCell.swift; sourceTree = "<group>"; };
		1ED370F5206A521000C400D0 /* PrisePresenter.swift */ = {isa = PBXFileReference; fileEncoding = 4; lastKnownFileType = sourcecode.swift; path = PrisePresenter.swift; sourceTree = "<group>"; };
		1ED370F7206A72F500C400D0 /* AccueilViewController.swift */ = {isa = PBXFileReference; fileEncoding = 4; lastKnownFileType = sourcecode.swift; path = AccueilViewController.swift; sourceTree = "<group>"; };
		1ED370F9206A73E100C400D0 /* PriseNotificationCenter.swift */ = {isa = PBXFileReference; fileEncoding = 4; lastKnownFileType = sourcecode.swift; path = PriseNotificationCenter.swift; sourceTree = "<group>"; };
		1ED370FB206A98BB00C400D0 /* ActivityNotificationCenter.swift */ = {isa = PBXFileReference; fileEncoding = 4; lastKnownFileType = sourcecode.swift; path = ActivityNotificationCenter.swift; sourceTree = "<group>"; };
		1ED370FD206AB03E00C400D0 /* RdvNotificationCenter.swift */ = {isa = PBXFileReference; fileEncoding = 4; lastKnownFileType = sourcecode.swift; path = RdvNotificationCenter.swift; sourceTree = "<group>"; };
		6FA039782056D664001353BF /* MyPeka.app */ = {isa = PBXFileReference; explicitFileType = wrapper.application; includeInIndex = 0; path = MyPeka.app; sourceTree = BUILT_PRODUCTS_DIR; };
		6FA0397B2056D664001353BF /* AppDelegate.swift */ = {isa = PBXFileReference; lastKnownFileType = sourcecode.swift; path = AppDelegate.swift; sourceTree = "<group>"; };
		6FA0397D2056D664001353BF /* ViewController.swift */ = {isa = PBXFileReference; lastKnownFileType = sourcecode.swift; path = ViewController.swift; sourceTree = "<group>"; };
		6FA039802056D664001353BF /* Base */ = {isa = PBXFileReference; lastKnownFileType = file.storyboard; name = Base; path = Base.lproj/Main.storyboard; sourceTree = "<group>"; };
		6FA039832056D664001353BF /* MyPeka.xcdatamodel */ = {isa = PBXFileReference; lastKnownFileType = wrapper.xcdatamodel; path = MyPeka.xcdatamodel; sourceTree = "<group>"; };
		6FA039852056D664001353BF /* Assets.xcassets */ = {isa = PBXFileReference; lastKnownFileType = folder.assetcatalog; path = Assets.xcassets; sourceTree = "<group>"; };
		6FA039882056D664001353BF /* Base */ = {isa = PBXFileReference; lastKnownFileType = file.storyboard; name = Base; path = Base.lproj/LaunchScreen.storyboard; sourceTree = "<group>"; };
		6FA0398A2056D664001353BF /* Info.plist */ = {isa = PBXFileReference; lastKnownFileType = text.plist.xml; path = Info.plist; sourceTree = "<group>"; };
		6FA0398F2056D664001353BF /* MyPekaTests.xctest */ = {isa = PBXFileReference; explicitFileType = wrapper.cfbundle; includeInIndex = 0; path = MyPekaTests.xctest; sourceTree = BUILT_PRODUCTS_DIR; };
		6FA039932056D664001353BF /* MyPekaTests.swift */ = {isa = PBXFileReference; lastKnownFileType = sourcecode.swift; path = MyPekaTests.swift; sourceTree = "<group>"; };
		6FA039952056D664001353BF /* Info.plist */ = {isa = PBXFileReference; lastKnownFileType = text.plist.xml; path = Info.plist; sourceTree = "<group>"; };
		6FA0399A2056D664001353BF /* MyPekaUITests.xctest */ = {isa = PBXFileReference; explicitFileType = wrapper.cfbundle; includeInIndex = 0; path = MyPekaUITests.xctest; sourceTree = BUILT_PRODUCTS_DIR; };
		6FA0399E2056D664001353BF /* MyPekaUITests.swift */ = {isa = PBXFileReference; lastKnownFileType = sourcecode.swift; path = MyPekaUITests.swift; sourceTree = "<group>"; };
		6FA039A02056D664001353BF /* Info.plist */ = {isa = PBXFileReference; lastKnownFileType = text.plist.xml; path = Info.plist; sourceTree = "<group>"; };
		6FA039AC2056D88C001353BF /* ActiviteTableViewCell.swift */ = {isa = PBXFileReference; fileEncoding = 4; lastKnownFileType = sourcecode.swift; path = ActiviteTableViewCell.swift; sourceTree = "<group>"; };
		6FB5E9A92069014400FA6CD0 /* RdvViewController.swift */ = {isa = PBXFileReference; fileEncoding = 4; lastKnownFileType = sourcecode.swift; name = RdvViewController.swift; path = Controller/RdvViewController.swift; sourceTree = "<group>"; };
		6FB5E9AB2069023B00FA6CD0 /* RdvTableViewCell.swift */ = {isa = PBXFileReference; fileEncoding = 4; lastKnownFileType = sourcecode.swift; name = RdvTableViewCell.swift; path = Controller/RdvTableViewCell.swift; sourceTree = "<group>"; };
		6FB5E9AD2069039800FA6CD0 /* RendezVousModel.swift */ = {isa = PBXFileReference; fileEncoding = 4; lastKnownFileType = sourcecode.swift; path = RendezVousModel.swift; sourceTree = "<group>"; };
		6FB5E9AF206903FE00FA6CD0 /* RendezVousExt.swift */ = {isa = PBXFileReference; fileEncoding = 4; lastKnownFileType = sourcecode.swift; path = RendezVousExt.swift; sourceTree = "<group>"; };
		6FB5E9B12069059F00FA6CD0 /* AddRdvViewController.swift */ = {isa = PBXFileReference; fileEncoding = 4; lastKnownFileType = sourcecode.swift; name = AddRdvViewController.swift; path = Controller/AddRdvViewController.swift; sourceTree = "<group>"; };
		6FB5E9B320690EC800FA6CD0 /* RdvPresenter.swift */ = {isa = PBXFileReference; fileEncoding = 4; lastKnownFileType = sourcecode.swift; path = RdvPresenter.swift; sourceTree = "<group>"; };
		6FC8A08E2059785C00F2DD00 /* ActivitePresenter.swift */ = {isa = PBXFileReference; fileEncoding = 4; lastKnownFileType = sourcecode.swift; path = ActivitePresenter.swift; sourceTree = "<group>"; };
		6FC8A09220597B2000F2DD00 /* DateFormat.swift */ = {isa = PBXFileReference; fileEncoding = 4; lastKnownFileType = sourcecode.swift; path = DateFormat.swift; sourceTree = "<group>"; };
		6FC8A094205982DD00F2DD00 /* PrescriptionExt.swift */ = {isa = PBXFileReference; fileEncoding = 4; lastKnownFileType = sourcecode.swift; name = PrescriptionExt.swift; path = CoreData/PrescriptionExt.swift; sourceTree = "<group>"; };
		6FC8A0962059884C00F2DD00 /* OrdonnanceExt.swift */ = {isa = PBXFileReference; fileEncoding = 4; lastKnownFileType = sourcecode.swift; name = OrdonnanceExt.swift; path = CoreData/OrdonnanceExt.swift; sourceTree = "<group>"; };
		6FC8A09820598C4D00F2DD00 /* PersonneExt.swift */ = {isa = PBXFileReference; fileEncoding = 4; lastKnownFileType = sourcecode.swift; name = PersonneExt.swift; path = CoreData/PersonneExt.swift; sourceTree = "<group>"; };
		6FC8A09B2059907F00F2DD00 /* OrdonnanceTableViewCell.swift */ = {isa = PBXFileReference; fileEncoding = 4; lastKnownFileType = sourcecode.swift; name = OrdonnanceTableViewCell.swift; path = Controller/OrdonnanceTableViewCell.swift; sourceTree = "<group>"; };
		6FC8A0A1205992C700F2DD00 /* OrdonnanceViewController.swift */ = {isa = PBXFileReference; fileEncoding = 4; lastKnownFileType = sourcecode.swift; name = OrdonnanceViewController.swift; path = Controller/OrdonnanceViewController.swift; sourceTree = "<group>"; };
		8C1A0D4D20616AAB0059D560 /* ShowOrdonnanceViewController.swift */ = {isa = PBXFileReference; fileEncoding = 4; lastKnownFileType = sourcecode.swift; name = ShowOrdonnanceViewController.swift; path = Controller/ShowOrdonnanceViewController.swift; sourceTree = "<group>"; };
		8C1A0D4F20616D580059D560 /* PrescriptionTableViewCell.swift */ = {isa = PBXFileReference; fileEncoding = 4; lastKnownFileType = sourcecode.swift; name = PrescriptionTableViewCell.swift; path = Controller/PrescriptionTableViewCell.swift; sourceTree = "<group>"; };
		8C383C63206954D1005FF90B /* ShowRdvViewController.swift */ = {isa = PBXFileReference; fileEncoding = 4; lastKnownFileType = sourcecode.swift; path = ShowRdvViewController.swift; sourceTree = "<group>"; };
		8C383C6520695B39005FF90B /* PriseModel.swift */ = {isa = PBXFileReference; fileEncoding = 4; lastKnownFileType = sourcecode.swift; path = PriseModel.swift; sourceTree = "<group>"; };
		8C383C6720695BA3005FF90B /* PriseExt.swift */ = {isa = PBXFileReference; fileEncoding = 4; lastKnownFileType = sourcecode.swift; path = PriseExt.swift; sourceTree = "<group>"; };
		8C383C6920695F47005FF90B /* AddPriseViewController.swift */ = {isa = PBXFileReference; fileEncoding = 4; lastKnownFileType = sourcecode.swift; name = "\bAddPriseViewController.swift"; path = "Controller/\bAddPriseViewController.swift"; sourceTree = "<group>"; };
		8CDE3356206242A5008BB30F /* AddPrescriptionViewController.swift */ = {isa = PBXFileReference; fileEncoding = 4; lastKnownFileType = sourcecode.swift; name = AddPrescriptionViewController.swift; path = Controller/AddPrescriptionViewController.swift; sourceTree = "<group>"; };
		8CDE335820624622008BB30F /* PrescriptionPresenter.swift */ = {isa = PBXFileReference; fileEncoding = 4; lastKnownFileType = sourcecode.swift; path = PrescriptionPresenter.swift; sourceTree = "<group>"; };
		8CDE335C20624B71008BB30F /* ShowPrescriptionViewController.swift */ = {isa = PBXFileReference; fileEncoding = 4; lastKnownFileType = sourcecode.swift; name = ShowPrescriptionViewController.swift; path = Controller/ShowPrescriptionViewController.swift; sourceTree = "<group>"; };
		8CDE335E206259BF008BB30F /* AddPersonneViewController.swift */ = {isa = PBXFileReference; fileEncoding = 4; lastKnownFileType = sourcecode.swift; name = AddPersonneViewController.swift; path = Controller/AddPersonneViewController.swift; sourceTree = "<group>"; };
/* End PBXFileReference section */

/* Begin PBXFrameworksBuildPhase section */
		6FA039752056D664001353BF /* Frameworks */ = {
			isa = PBXFrameworksBuildPhase;
			buildActionMask = 2147483647;
			files = (
			);
			runOnlyForDeploymentPostprocessing = 0;
		};
		6FA0398C2056D664001353BF /* Frameworks */ = {
			isa = PBXFrameworksBuildPhase;
			buildActionMask = 2147483647;
			files = (
			);
			runOnlyForDeploymentPostprocessing = 0;
		};
		6FA039972056D664001353BF /* Frameworks */ = {
			isa = PBXFrameworksBuildPhase;
			buildActionMask = 2147483647;
			files = (
			);
			runOnlyForDeploymentPostprocessing = 0;
		};
/* End PBXFrameworksBuildPhase section */

/* Begin PBXGroup section */
		1ECD571E20582E8E00A78FE8 /* Controller */ = {
			isa = PBXGroup;
			children = (
				6FA0397D2056D664001353BF /* ViewController.swift */,
				6FB5E9A92069014400FA6CD0 /* RdvViewController.swift */,
				1ED370F7206A72F500C400D0 /* AccueilViewController.swift */,
				6FC8A0A1205992C700F2DD00 /* OrdonnanceViewController.swift */,
				6FE7D2532062A7F200B7DD0E /* CellController */,
				6FE7D2522062A7D800B7DD0E /* ShowController */,
				6FE7D2512062A7A300B7DD0E /* AddController */,
			);
			name = Controller;
			sourceTree = "<group>";
		};
		1ECD572120582FD400A78FE8 /* Model */ = {
			isa = PBXGroup;
			children = (
				1ECD572E2058536100A78FE8 /* OrdonnanceModel.swift */,
				1ECD572F2058536100A78FE8 /* PersonneModel.swift */,
				1ECD57302058536100A78FE8 /* PrescriptionModel.swift */,
				1ECD57322058536100A78FE8 /* Synthese.swift */,
				1ECD572220582FEE00A78FE8 /* ActiviteSportiveModel.swift */,
				6FB5E9AD2069039800FA6CD0 /* RendezVousModel.swift */,
				8C383C6520695B39005FF90B /* PriseModel.swift */,
			);
			name = Model;
			sourceTree = "<group>";
		};
		1ECD57242058318B00A78FE8 /* CoreData */ = {
			isa = PBXGroup;
			children = (
				1ECD5725205832E600A78FE8 /* ActiviteSportiveExt.swift */,
				6FC8A094205982DD00F2DD00 /* PrescriptionExt.swift */,
				6FC8A0962059884C00F2DD00 /* OrdonnanceExt.swift */,
				6FC8A09820598C4D00F2DD00 /* PersonneExt.swift */,
				6FB5E9AF206903FE00FA6CD0 /* RendezVousExt.swift */,
				8C383C6720695BA3005FF90B /* PriseExt.swift */,
			);
			name = CoreData;
			sourceTree = "<group>";
		};
		1ECD572B205842AD00A78FE8 /* Class Helpers */ = {
			isa = PBXGroup;
			children = (
				1ECD57292058422E00A78FE8 /* DialogBoxHelper.swift */,
				1ECD5727205840D600A78FE8 /* CoreDataManager.swift */,
				6FC8A09220597B2000F2DD00 /* DateFormat.swift */,
				1ED370F9206A73E100C400D0 /* PriseNotificationCenter.swift */,
				1ED370FB206A98BB00C400D0 /* ActivityNotificationCenter.swift */,
				1ED370FD206AB03E00C400D0 /* RdvNotificationCenter.swift */,
			);
			name = "Class Helpers";
			sourceTree = "<group>";
		};
		6FA0396F2056D664001353BF = {
			isa = PBXGroup;
			children = (
				6FA0397A2056D664001353BF /* MyPeka */,
				6FA039922056D664001353BF /* MyPekaTests */,
				6FA0399D2056D664001353BF /* MyPekaUITests */,
				6FA039792056D664001353BF /* Products */,
			);
			sourceTree = "<group>";
		};
		6FA039792056D664001353BF /* Products */ = {
			isa = PBXGroup;
			children = (
				6FA039782056D664001353BF /* MyPeka.app */,
				6FA0398F2056D664001353BF /* MyPekaTests.xctest */,
				6FA0399A2056D664001353BF /* MyPekaUITests.xctest */,
			);
			name = Products;
			sourceTree = "<group>";
		};
		6FA0397A2056D664001353BF /* MyPeka */ = {
			isa = PBXGroup;
			children = (
				6FC8A09A2059905400F2DD00 /* Presenter */,
				1ECD57242058318B00A78FE8 /* CoreData */,
				1ECD572120582FD400A78FE8 /* Model */,
				1ECD571E20582E8E00A78FE8 /* Controller */,
				1ECD572B205842AD00A78FE8 /* Class Helpers */,
				6FA0397B2056D664001353BF /* AppDelegate.swift */,
				6FA0397F2056D664001353BF /* Main.storyboard */,
				6FA039852056D664001353BF /* Assets.xcassets */,
				6FA039872056D664001353BF /* LaunchScreen.storyboard */,
				6FA0398A2056D664001353BF /* Info.plist */,
				6FA039822056D664001353BF /* MyPeka.xcdatamodeld */,
			);
			path = MyPeka;
			sourceTree = "<group>";
		};
		6FA039922056D664001353BF /* MyPekaTests */ = {
			isa = PBXGroup;
			children = (
				6FA039932056D664001353BF /* MyPekaTests.swift */,
				6FA039952056D664001353BF /* Info.plist */,
			);
			path = MyPekaTests;
			sourceTree = "<group>";
		};
		6FA0399D2056D664001353BF /* MyPekaUITests */ = {
			isa = PBXGroup;
			children = (
				6FA0399E2056D664001353BF /* MyPekaUITests.swift */,
				6FA039A02056D664001353BF /* Info.plist */,
			);
			path = MyPekaUITests;
			sourceTree = "<group>";
		};
		6FC8A09A2059905400F2DD00 /* Presenter */ = {
			isa = PBXGroup;
			children = (
				6FC8A08E2059785C00F2DD00 /* ActivitePresenter.swift */,
				1E2C1ABF205FD59F00CAF176 /* OrdonnancePresenter.swift */,
				8CDE335820624622008BB30F /* PrescriptionPresenter.swift */,
				6FB5E9B320690EC800FA6CD0 /* RdvPresenter.swift */,
				1ED370F5206A521000C400D0 /* PrisePresenter.swift */,
			);
			name = Presenter;
			sourceTree = "<group>";
		};
		6FE7D2512062A7A300B7DD0E /* AddController */ = {
			isa = PBXGroup;
			children = (
				1E2C1AC1205FDC7300CAF176 /* AddOrdonnanceViewController.swift */,
				1ECD571F20582EA700A78FE8 /* AddActivityViewController.swift */,
				8CDE3356206242A5008BB30F /* AddPrescriptionViewController.swift */,
				8CDE335E206259BF008BB30F /* AddPersonneViewController.swift */,
				6FB5E9B12069059F00FA6CD0 /* AddRdvViewController.swift */,
				8C383C6920695F47005FF90B /* AddPriseViewController.swift */,
			);
			name = AddController;
			sourceTree = "<group>";
		};
		6FE7D2522062A7D800B7DD0E /* ShowController */ = {
			isa = PBXGroup;
			children = (
				1ECD571C2058207D00A78FE8 /* ShowActiviteViewController.swift */,
				8C1A0D4D20616AAB0059D560 /* ShowOrdonnanceViewController.swift */,
				8CDE335C20624B71008BB30F /* ShowPrescriptionViewController.swift */,
				8C383C63206954D1005FF90B /* ShowRdvViewController.swift */,
			);
			name = ShowController;
			sourceTree = "<group>";
		};
		6FE7D2532062A7F200B7DD0E /* CellController */ = {
			isa = PBXGroup;
			children = (
				6FA039AC2056D88C001353BF /* ActiviteTableViewCell.swift */,
				6FC8A09B2059907F00F2DD00 /* OrdonnanceTableViewCell.swift */,
				8C1A0D4F20616D580059D560 /* PrescriptionTableViewCell.swift */,
				6FB5E9AB2069023B00FA6CD0 /* RdvTableViewCell.swift */,
				1ED370F3206A468600C400D0 /* PriseTableViewCell.swift */,
			);
			name = CellController;
			sourceTree = "<group>";
		};
/* End PBXGroup section */

/* Begin PBXNativeTarget section */
		6FA039772056D664001353BF /* MyPeka */ = {
			isa = PBXNativeTarget;
			buildConfigurationList = 6FA039A32056D664001353BF /* Build configuration list for PBXNativeTarget "MyPeka" */;
			buildPhases = (
				6FA039742056D664001353BF /* Sources */,
				6FA039752056D664001353BF /* Frameworks */,
				6FA039762056D664001353BF /* Resources */,
			);
			buildRules = (
			);
			dependencies = (
			);
			name = MyPeka;
			productName = MyPeka;
			productReference = 6FA039782056D664001353BF /* MyPeka.app */;
			productType = "com.apple.product-type.application";
		};
		6FA0398E2056D664001353BF /* MyPekaTests */ = {
			isa = PBXNativeTarget;
			buildConfigurationList = 6FA039A62056D664001353BF /* Build configuration list for PBXNativeTarget "MyPekaTests" */;
			buildPhases = (
				6FA0398B2056D664001353BF /* Sources */,
				6FA0398C2056D664001353BF /* Frameworks */,
				6FA0398D2056D664001353BF /* Resources */,
			);
			buildRules = (
			);
			dependencies = (
				6FA039912056D664001353BF /* PBXTargetDependency */,
			);
			name = MyPekaTests;
			productName = MyPekaTests;
			productReference = 6FA0398F2056D664001353BF /* MyPekaTests.xctest */;
			productType = "com.apple.product-type.bundle.unit-test";
		};
		6FA039992056D664001353BF /* MyPekaUITests */ = {
			isa = PBXNativeTarget;
			buildConfigurationList = 6FA039A92056D664001353BF /* Build configuration list for PBXNativeTarget "MyPekaUITests" */;
			buildPhases = (
				6FA039962056D664001353BF /* Sources */,
				6FA039972056D664001353BF /* Frameworks */,
				6FA039982056D664001353BF /* Resources */,
			);
			buildRules = (
			);
			dependencies = (
				6FA0399C2056D664001353BF /* PBXTargetDependency */,
			);
			name = MyPekaUITests;
			productName = MyPekaUITests;
			productReference = 6FA0399A2056D664001353BF /* MyPekaUITests.xctest */;
			productType = "com.apple.product-type.bundle.ui-testing";
		};
/* End PBXNativeTarget section */

/* Begin PBXProject section */
		6FA039702056D664001353BF /* Project object */ = {
			isa = PBXProject;
			attributes = {
				LastSwiftUpdateCheck = 0820;
				LastUpgradeCheck = 0820;
				ORGANIZATIONNAME = Polytech;
				TargetAttributes = {
					6FA039772056D664001353BF = {
						CreatedOnToolsVersion = 8.2.1;
						ProvisioningStyle = Automatic;
					};
					6FA0398E2056D664001353BF = {
						CreatedOnToolsVersion = 8.2.1;
						ProvisioningStyle = Automatic;
						TestTargetID = 6FA039772056D664001353BF;
					};
					6FA039992056D664001353BF = {
						CreatedOnToolsVersion = 8.2.1;
						ProvisioningStyle = Automatic;
						TestTargetID = 6FA039772056D664001353BF;
					};
				};
			};
			buildConfigurationList = 6FA039732056D664001353BF /* Build configuration list for PBXProject "MyPeka" */;
			compatibilityVersion = "Xcode 3.2";
			developmentRegion = English;
			hasScannedForEncodings = 0;
			knownRegions = (
				en,
				Base,
			);
			mainGroup = 6FA0396F2056D664001353BF;
			productRefGroup = 6FA039792056D664001353BF /* Products */;
			projectDirPath = "";
			projectRoot = "";
			targets = (
				6FA039772056D664001353BF /* MyPeka */,
				6FA0398E2056D664001353BF /* MyPekaTests */,
				6FA039992056D664001353BF /* MyPekaUITests */,
			);
		};
/* End PBXProject section */

/* Begin PBXResourcesBuildPhase section */
		6FA039762056D664001353BF /* Resources */ = {
			isa = PBXResourcesBuildPhase;
			buildActionMask = 2147483647;
			files = (
				6FA039892056D664001353BF /* LaunchScreen.storyboard in Resources */,
				6FA039862056D664001353BF /* Assets.xcassets in Resources */,
				6FA039812056D664001353BF /* Main.storyboard in Resources */,
			);
			runOnlyForDeploymentPostprocessing = 0;
		};
		6FA0398D2056D664001353BF /* Resources */ = {
			isa = PBXResourcesBuildPhase;
			buildActionMask = 2147483647;
			files = (
			);
			runOnlyForDeploymentPostprocessing = 0;
		};
		6FA039982056D664001353BF /* Resources */ = {
			isa = PBXResourcesBuildPhase;
			buildActionMask = 2147483647;
			files = (
			);
			runOnlyForDeploymentPostprocessing = 0;
		};
/* End PBXResourcesBuildPhase section */

/* Begin PBXSourcesBuildPhase section */
		6FA039742056D664001353BF /* Sources */ = {
			isa = PBXSourcesBuildPhase;
			buildActionMask = 2147483647;
			files = (
				1ECD57392058536100A78FE8 /* Synthese.swift in Sources */,
				1ECD57372058536100A78FE8 /* PrescriptionModel.swift in Sources */,
				1E2C1AC0205FD59F00CAF176 /* OrdonnancePresenter.swift in Sources */,
				6FC8A0A2205992C700F2DD00 /* OrdonnanceViewController.swift in Sources */,
				6FC8A095205982DD00F2DD00 /* PrescriptionExt.swift in Sources */,
				6FC8A09320597B2000F2DD00 /* DateFormat.swift in Sources */,
				6FA0397E2056D664001353BF /* ViewController.swift in Sources */,
				8CDE3357206242A5008BB30F /* AddPrescriptionViewController.swift in Sources */,
				1ECD572A2058422E00A78FE8 /* DialogBoxHelper.swift in Sources */,
				1ED370F4206A468600C400D0 /* PriseTableViewCell.swift in Sources */,
				1ECD571D2058207D00A78FE8 /* ShowActiviteViewController.swift in Sources */,
				1ECD5726205832E600A78FE8 /* ActiviteSportiveExt.swift in Sources */,
				8C383C6820695BA3005FF90B /* PriseExt.swift in Sources */,
				1ECD57362058536100A78FE8 /* PersonneModel.swift in Sources */,
				1ED370F6206A521000C400D0 /* PrisePresenter.swift in Sources */,
				6FC8A09C2059907F00F2DD00 /* OrdonnanceTableViewCell.swift in Sources */,
				8C383C6620695B39005FF90B /* PriseModel.swift in Sources */,
				6FB5E9B420690EC800FA6CD0 /* RdvPresenter.swift in Sources */,
				1E2C1AC2205FDC7300CAF176 /* AddOrdonnanceViewController.swift in Sources */,
				8CDE335D20624B71008BB30F /* ShowPrescriptionViewController.swift in Sources */,
				6FA0397C2056D664001353BF /* AppDelegate.swift in Sources */,
				1ECD572320582FEE00A78FE8 /* ActiviteSportiveModel.swift in Sources */,
				1ECD57352058536100A78FE8 /* OrdonnanceModel.swift in Sources */,
				1ED370FC206A98BB00C400D0 /* ActivityNotificationCenter.swift in Sources */,
				6FC8A0972059884C00F2DD00 /* OrdonnanceExt.swift in Sources */,
				1ECD572020582EA700A78FE8 /* AddActivityViewController.swift in Sources */,
				6FB5E9AE2069039800FA6CD0 /* RendezVousModel.swift in Sources */,
				6FB5E9AC2069023B00FA6CD0 /* RdvTableViewCell.swift in Sources */,
				1ECD5728205840D600A78FE8 /* CoreDataManager.swift in Sources */,
				8C383C6A20695F47005FF90B /* AddPriseViewController.swift in Sources */,
				1ED370F8206A72F500C400D0 /* AccueilViewController.swift in Sources */,
				6FC8A08F2059785C00F2DD00 /* ActivitePresenter.swift in Sources */,
				8CDE335920624622008BB30F /* PrescriptionPresenter.swift in Sources */,
				1ED370FE206AB03E00C400D0 /* RdvNotificationCenter.swift in Sources */,
				8CDE335F206259BF008BB30F /* AddPersonneViewController.swift in Sources */,
				8C1A0D5020616D580059D560 /* PrescriptionTableViewCell.swift in Sources */,
				1ED370FA206A73E100C400D0 /* PriseNotificationCenter.swift in Sources */,
				6FB5E9B0206903FE00FA6CD0 /* RendezVousExt.swift in Sources */,
				8C383C64206954D1005FF90B /* ShowRdvViewController.swift in Sources */,
				8C1A0D4E20616AAB0059D560 /* ShowOrdonnanceViewController.swift in Sources */,
				6FA039AD2056D88C001353BF /* ActiviteTableViewCell.swift in Sources */,
				6FB5E9AA2069014400FA6CD0 /* RdvViewController.swift in Sources */,
				6FA039842056D664001353BF /* MyPeka.xcdatamodeld in Sources */,
				6FC8A09920598C4D00F2DD00 /* PersonneExt.swift in Sources */,
				6FB5E9B22069059F00FA6CD0 /* AddRdvViewController.swift in Sources */,
			);
			runOnlyForDeploymentPostprocessing = 0;
		};
		6FA0398B2056D664001353BF /* Sources */ = {
			isa = PBXSourcesBuildPhase;
			buildActionMask = 2147483647;
			files = (
				6FA039942056D664001353BF /* MyPekaTests.swift in Sources */,
			);
			runOnlyForDeploymentPostprocessing = 0;
		};
		6FA039962056D664001353BF /* Sources */ = {
			isa = PBXSourcesBuildPhase;
			buildActionMask = 2147483647;
			files = (
				6FA0399F2056D664001353BF /* MyPekaUITests.swift in Sources */,
			);
			runOnlyForDeploymentPostprocessing = 0;
		};
/* End PBXSourcesBuildPhase section */

/* Begin PBXTargetDependency section */
		6FA039912056D664001353BF /* PBXTargetDependency */ = {
			isa = PBXTargetDependency;
			target = 6FA039772056D664001353BF /* MyPeka */;
			targetProxy = 6FA039902056D664001353BF /* PBXContainerItemProxy */;
		};
		6FA0399C2056D664001353BF /* PBXTargetDependency */ = {
			isa = PBXTargetDependency;
			target = 6FA039772056D664001353BF /* MyPeka */;
			targetProxy = 6FA0399B2056D664001353BF /* PBXContainerItemProxy */;
		};
/* End PBXTargetDependency section */

/* Begin PBXVariantGroup section */
		6FA0397F2056D664001353BF /* Main.storyboard */ = {
			isa = PBXVariantGroup;
			children = (
				6FA039802056D664001353BF /* Base */,
			);
			name = Main.storyboard;
			sourceTree = "<group>";
		};
		6FA039872056D664001353BF /* LaunchScreen.storyboard */ = {
			isa = PBXVariantGroup;
			children = (
				6FA039882056D664001353BF /* Base */,
			);
			name = LaunchScreen.storyboard;
			sourceTree = "<group>";
		};
/* End PBXVariantGroup section */

/* Begin XCBuildConfiguration section */
		6FA039A12056D664001353BF /* Debug */ = {
			isa = XCBuildConfiguration;
			buildSettings = {
				ALWAYS_SEARCH_USER_PATHS = NO;
				CLANG_ANALYZER_NONNULL = YES;
				CLANG_CXX_LANGUAGE_STANDARD = "gnu++0x";
				CLANG_CXX_LIBRARY = "libc++";
				CLANG_ENABLE_MODULES = YES;
				CLANG_ENABLE_OBJC_ARC = YES;
				CLANG_WARN_BOOL_CONVERSION = YES;
				CLANG_WARN_CONSTANT_CONVERSION = YES;
				CLANG_WARN_DIRECT_OBJC_ISA_USAGE = YES_ERROR;
				CLANG_WARN_DOCUMENTATION_COMMENTS = YES;
				CLANG_WARN_EMPTY_BODY = YES;
				CLANG_WARN_ENUM_CONVERSION = YES;
				CLANG_WARN_INFINITE_RECURSION = YES;
				CLANG_WARN_INT_CONVERSION = YES;
				CLANG_WARN_OBJC_ROOT_CLASS = YES_ERROR;
				CLANG_WARN_SUSPICIOUS_MOVE = YES;
				CLANG_WARN_UNREACHABLE_CODE = YES;
				CLANG_WARN__DUPLICATE_METHOD_MATCH = YES;
				"CODE_SIGN_IDENTITY[sdk=iphoneos*]" = "iPhone Developer";
				COPY_PHASE_STRIP = NO;
				DEBUG_INFORMATION_FORMAT = dwarf;
				ENABLE_STRICT_OBJC_MSGSEND = YES;
				ENABLE_TESTABILITY = YES;
				GCC_C_LANGUAGE_STANDARD = gnu99;
				GCC_DYNAMIC_NO_PIC = NO;
				GCC_NO_COMMON_BLOCKS = YES;
				GCC_OPTIMIZATION_LEVEL = 0;
				GCC_PREPROCESSOR_DEFINITIONS = (
					"DEBUG=1",
					"$(inherited)",
				);
				GCC_WARN_64_TO_32_BIT_CONVERSION = YES;
				GCC_WARN_ABOUT_RETURN_TYPE = YES_ERROR;
				GCC_WARN_UNDECLARED_SELECTOR = YES;
				GCC_WARN_UNINITIALIZED_AUTOS = YES_AGGRESSIVE;
				GCC_WARN_UNUSED_FUNCTION = YES;
				GCC_WARN_UNUSED_VARIABLE = YES;
				IPHONEOS_DEPLOYMENT_TARGET = 10.2;
				MTL_ENABLE_DEBUG_INFO = YES;
				ONLY_ACTIVE_ARCH = YES;
				SDKROOT = iphoneos;
				SWIFT_ACTIVE_COMPILATION_CONDITIONS = DEBUG;
				SWIFT_OPTIMIZATION_LEVEL = "-Onone";
				TARGETED_DEVICE_FAMILY = "1,2";
			};
			name = Debug;
		};
		6FA039A22056D664001353BF /* Release */ = {
			isa = XCBuildConfiguration;
			buildSettings = {
				ALWAYS_SEARCH_USER_PATHS = NO;
				CLANG_ANALYZER_NONNULL = YES;
				CLANG_CXX_LANGUAGE_STANDARD = "gnu++0x";
				CLANG_CXX_LIBRARY = "libc++";
				CLANG_ENABLE_MODULES = YES;
				CLANG_ENABLE_OBJC_ARC = YES;
				CLANG_WARN_BOOL_CONVERSION = YES;
				CLANG_WARN_CONSTANT_CONVERSION = YES;
				CLANG_WARN_DIRECT_OBJC_ISA_USAGE = YES_ERROR;
				CLANG_WARN_DOCUMENTATION_COMMENTS = YES;
				CLANG_WARN_EMPTY_BODY = YES;
				CLANG_WARN_ENUM_CONVERSION = YES;
				CLANG_WARN_INFINITE_RECURSION = YES;
				CLANG_WARN_INT_CONVERSION = YES;
				CLANG_WARN_OBJC_ROOT_CLASS = YES_ERROR;
				CLANG_WARN_SUSPICIOUS_MOVE = YES;
				CLANG_WARN_UNREACHABLE_CODE = YES;
				CLANG_WARN__DUPLICATE_METHOD_MATCH = YES;
				"CODE_SIGN_IDENTITY[sdk=iphoneos*]" = "iPhone Developer";
				COPY_PHASE_STRIP = NO;
				DEBUG_INFORMATION_FORMAT = "dwarf-with-dsym";
				ENABLE_NS_ASSERTIONS = NO;
				ENABLE_STRICT_OBJC_MSGSEND = YES;
				GCC_C_LANGUAGE_STANDARD = gnu99;
				GCC_NO_COMMON_BLOCKS = YES;
				GCC_WARN_64_TO_32_BIT_CONVERSION = YES;
				GCC_WARN_ABOUT_RETURN_TYPE = YES_ERROR;
				GCC_WARN_UNDECLARED_SELECTOR = YES;
				GCC_WARN_UNINITIALIZED_AUTOS = YES_AGGRESSIVE;
				GCC_WARN_UNUSED_FUNCTION = YES;
				GCC_WARN_UNUSED_VARIABLE = YES;
				IPHONEOS_DEPLOYMENT_TARGET = 10.2;
				MTL_ENABLE_DEBUG_INFO = NO;
				SDKROOT = iphoneos;
				SWIFT_OPTIMIZATION_LEVEL = "-Owholemodule";
				TARGETED_DEVICE_FAMILY = "1,2";
				VALIDATE_PRODUCT = YES;
			};
			name = Release;
		};
		6FA039A42056D664001353BF /* Debug */ = {
			isa = XCBuildConfiguration;
			buildSettings = {
				ASSETCATALOG_COMPILER_APPICON_NAME = AppIcon;
				INFOPLIST_FILE = MyPeka/Info.plist;
				LD_RUNPATH_SEARCH_PATHS = "$(inherited) @executable_path/Frameworks";
				PRODUCT_BUNDLE_IDENTIFIER = polytech.MyPeka;
				PRODUCT_NAME = "$(TARGET_NAME)";
				SWIFT_VERSION = 3.0;
			};
			name = Debug;
		};
		6FA039A52056D664001353BF /* Release */ = {
			isa = XCBuildConfiguration;
			buildSettings = {
				ASSETCATALOG_COMPILER_APPICON_NAME = AppIcon;
				INFOPLIST_FILE = MyPeka/Info.plist;
				LD_RUNPATH_SEARCH_PATHS = "$(inherited) @executable_path/Frameworks";
				PRODUCT_BUNDLE_IDENTIFIER = polytech.MyPeka;
				PRODUCT_NAME = "$(TARGET_NAME)";
				SWIFT_VERSION = 3.0;
			};
			name = Release;
		};
		6FA039A72056D664001353BF /* Debug */ = {
			isa = XCBuildConfiguration;
			buildSettings = {
				ALWAYS_EMBED_SWIFT_STANDARD_LIBRARIES = YES;
				BUNDLE_LOADER = "$(TEST_HOST)";
				INFOPLIST_FILE = MyPekaTests/Info.plist;
				LD_RUNPATH_SEARCH_PATHS = "$(inherited) @executable_path/Frameworks @loader_path/Frameworks";
				PRODUCT_BUNDLE_IDENTIFIER = polytech.MyPekaTests;
				PRODUCT_NAME = "$(TARGET_NAME)";
				SWIFT_VERSION = 3.0;
				TEST_HOST = "$(BUILT_PRODUCTS_DIR)/MyPeka.app/MyPeka";
			};
			name = Debug;
		};
		6FA039A82056D664001353BF /* Release */ = {
			isa = XCBuildConfiguration;
			buildSettings = {
				ALWAYS_EMBED_SWIFT_STANDARD_LIBRARIES = YES;
				BUNDLE_LOADER = "$(TEST_HOST)";
				INFOPLIST_FILE = MyPekaTests/Info.plist;
				LD_RUNPATH_SEARCH_PATHS = "$(inherited) @executable_path/Frameworks @loader_path/Frameworks";
				PRODUCT_BUNDLE_IDENTIFIER = polytech.MyPekaTests;
				PRODUCT_NAME = "$(TARGET_NAME)";
				SWIFT_VERSION = 3.0;
				TEST_HOST = "$(BUILT_PRODUCTS_DIR)/MyPeka.app/MyPeka";
			};
			name = Release;
		};
		6FA039AA2056D664001353BF /* Debug */ = {
			isa = XCBuildConfiguration;
			buildSettings = {
				ALWAYS_EMBED_SWIFT_STANDARD_LIBRARIES = YES;
				INFOPLIST_FILE = MyPekaUITests/Info.plist;
				LD_RUNPATH_SEARCH_PATHS = "$(inherited) @executable_path/Frameworks @loader_path/Frameworks";
				PRODUCT_BUNDLE_IDENTIFIER = polytech.MyPekaUITests;
				PRODUCT_NAME = "$(TARGET_NAME)";
				SWIFT_VERSION = 3.0;
				TEST_TARGET_NAME = MyPeka;
			};
			name = Debug;
		};
		6FA039AB2056D664001353BF /* Release */ = {
			isa = XCBuildConfiguration;
			buildSettings = {
				ALWAYS_EMBED_SWIFT_STANDARD_LIBRARIES = YES;
				INFOPLIST_FILE = MyPekaUITests/Info.plist;
				LD_RUNPATH_SEARCH_PATHS = "$(inherited) @executable_path/Frameworks @loader_path/Frameworks";
				PRODUCT_BUNDLE_IDENTIFIER = polytech.MyPekaUITests;
				PRODUCT_NAME = "$(TARGET_NAME)";
				SWIFT_VERSION = 3.0;
				TEST_TARGET_NAME = MyPeka;
			};
			name = Release;
		};
/* End XCBuildConfiguration section */

/* Begin XCConfigurationList section */
		6FA039732056D664001353BF /* Build configuration list for PBXProject "MyPeka" */ = {
			isa = XCConfigurationList;
			buildConfigurations = (
				6FA039A12056D664001353BF /* Debug */,
				6FA039A22056D664001353BF /* Release */,
			);
			defaultConfigurationIsVisible = 0;
			defaultConfigurationName = Release;
		};
		6FA039A32056D664001353BF /* Build configuration list for PBXNativeTarget "MyPeka" */ = {
			isa = XCConfigurationList;
			buildConfigurations = (
				6FA039A42056D664001353BF /* Debug */,
				6FA039A52056D664001353BF /* Release */,
			);
			defaultConfigurationIsVisible = 0;
			defaultConfigurationName = Release;
		};
		6FA039A62056D664001353BF /* Build configuration list for PBXNativeTarget "MyPekaTests" */ = {
			isa = XCConfigurationList;
			buildConfigurations = (
				6FA039A72056D664001353BF /* Debug */,
				6FA039A82056D664001353BF /* Release */,
			);
			defaultConfigurationIsVisible = 0;
			defaultConfigurationName = Release;
		};
		6FA039A92056D664001353BF /* Build configuration list for PBXNativeTarget "MyPekaUITests" */ = {
			isa = XCConfigurationList;
			buildConfigurations = (
				6FA039AA2056D664001353BF /* Debug */,
				6FA039AB2056D664001353BF /* Release */,
			);
			defaultConfigurationIsVisible = 0;
			defaultConfigurationName = Release;
		};
/* End XCConfigurationList section */

/* Begin XCVersionGroup section */
		6FA039822056D664001353BF /* MyPeka.xcdatamodeld */ = {
			isa = XCVersionGroup;
			children = (
				6FA039832056D664001353BF /* MyPeka.xcdatamodel */,
			);
			currentVersion = 6FA039832056D664001353BF /* MyPeka.xcdatamodel */;
			path = MyPeka.xcdatamodeld;
			sourceTree = "<group>";
			versionGroupType = wrapper.xcdatamodel;
		};
/* End XCVersionGroup section */
	};
	rootObject = 6FA039702056D664001353BF /* Project object */;
}
